
Microsoft Visual Studio Solution File, Format Version 12.00
# Visual Studio 14
VisualStudioVersion = 14.0.25123.0
MinimumVisualStudioVersion = 10.0.40219.1
Project("{FAE04EC0-301F-11D3-BF4B-00C04F79EFBC}") = "TestMEF", "TestMEF\TestMEF.csproj", "{F7F98746-1EB6-4FBC-B3CC-2BF8D29AB914}"
	ProjectSection(ProjectDependencies) = postProject
		{AEACC90F-8370-4671-9039-62C5C111C098} = {AEACC90F-8370-4671-9039-62C5C111C098}
	EndProjectSection
EndProject
Project("{FAE04EC0-301F-11D3-BF4B-00C04F79EFBC}") = "PluginContract", "PluginContract\PluginContract.csproj", "{963CCBAD-1A62-40EB-804A-4A39400F9A2C}"
EndProject
Project("{FAE04EC0-301F-11D3-BF4B-00C04F79EFBC}") = "SamplePlugin", "SamplePlugin\SamplePlugin.csproj", "{AEACC90F-8370-4671-9039-62C5C111C098}"
EndProject
Global
	GlobalSection(SolutionConfigurationPlatforms) = preSolution
		Debug|Any CPU = Debug|Any CPU
		Release|Any CPU = Release|Any CPU
	EndGlobalSection
	GlobalSection(ProjectConfigurationPlatforms) = postSolution
		{F7F98746-1EB6-4FBC-B3CC-2BF8D29AB914}.Debug|Any CPU.ActiveCfg = Debug|Any CPU
		{F7F98746-1EB6-4FBC-B3CC-2BF8D29AB914}.Debug|Any CPU.Build.0 = Debug|Any CPU
		{F7F98746-1EB6-4FBC-B3CC-2BF8D29AB914}.Release|Any CPU.ActiveCfg = Release|Any CPU
		{F7F98746-1EB6-4FBC-B3CC-2BF8D29AB914}.Release|Any CPU.Build.0 = Release|Any CPU
		{963CCBAD-1A62-40EB-804A-4A39400F9A2C}.Debug|Any CPU.ActiveCfg = Debug|Any CPU
		{963CCBAD-1A62-40EB-804A-4A39400F9A2C}.Debug|Any CPU.Build.0 = Debug|Any CPU
		{963CCBAD-1A62-40EB-804A-4A39400F9A2C}.Release|Any CPU.ActiveCfg = Release|Any CPU
		{963CCBAD-1A62-40EB-804A-4A39400F9A2C}.Release|Any CPU.Build.0 = Release|Any CPU
		{AEACC90F-8370-4671-9039-62C5C111C098}.Debug|Any CPU.ActiveCfg = Debug|Any CPU
		{AEACC90F-8370-4671-9039-62C5C111C098}.Debug|Any CPU.Build.0 = Debug|Any CPU
		{AEACC90F-8370-4671-9039-62C5C111C098}.Release|Any CPU.ActiveCfg = Release|Any CPU
		{AEACC90F-8370-4671-9039-62C5C111C098}.Release|Any CPU.Build.0 = Release|Any CPU
	EndGlobalSection
	GlobalSection(SolutionProperties) = preSolution
		HideSolutionNode = FALSE
	EndGlobalSection
EndGlobal
